
Microsoft Visual Studio Solution File, Format Version 12.00
Project("{FAE04EC0-301F-11D3-BF4B-00C04F79EFBC}") = "ProductRecommender.Shared", "ProductRecommender.Shared\ProductRecommender.Shared.csproj", "{8911D85B-1FFB-40ED-971F-00773F96698A}"
EndProject
Project("{FAE04EC0-301F-11D3-BF4B-00C04F79EFBC}") = "ProductRecommender.Api", "ProductRecommender.Api\ProductRecommender.Api.csproj", "{AFE0EFBC-94F9-41DE-97E0-4B274486A01D}"
EndProject
Project("{FAE04EC0-301F-11D3-BF4B-00C04F79EFBC}") = "ProductRecommender.Core", "ProductRecommender.Core\ProductRecommender.Core.csproj", "{D8A4CBA2-275B-4EAE-93D6-F0F2BD9077F7}"
EndProject
Project("{FAE04EC0-301F-11D3-BF4B-00C04F79EFBC}") = "ProductRecommender.Infrastructure", "ProductRecommender.Infrastructure\ProductRecommender.Infrastructure.csproj", "{57D92C94-B3FF-479D-8B95-F047DB9FAEB6}"
EndProject
Project("{FAE04EC0-301F-11D3-BF4B-00C04F79EFBC}") = "ProductRecommender.Application", "ProductRecommender.Application\ProductRecommender.Application.csproj", "{2B8ADA54-39BA-4D4D-A953-4A24AF6CDBDD}"
EndProject
Global
	GlobalSection(SolutionConfigurationPlatforms) = preSolution
		Debug|Any CPU = Debug|Any CPU
		Release|Any CPU = Release|Any CPU
	EndGlobalSection
	GlobalSection(ProjectConfigurationPlatforms) = postSolution
		{8911D85B-1FFB-40ED-971F-00773F96698A}.Debug|Any CPU.ActiveCfg = Debug|Any CPU
		{8911D85B-1FFB-40ED-971F-00773F96698A}.Debug|Any CPU.Build.0 = Debug|Any CPU
		{8911D85B-1FFB-40ED-971F-00773F96698A}.Release|Any CPU.ActiveCfg = Release|Any CPU
		{8911D85B-1FFB-40ED-971F-00773F96698A}.Release|Any CPU.Build.0 = Release|Any CPU
		{AFE0EFBC-94F9-41DE-97E0-4B274486A01D}.Debug|Any CPU.ActiveCfg = Debug|Any CPU
		{AFE0EFBC-94F9-41DE-97E0-4B274486A01D}.Debug|Any CPU.Build.0 = Debug|Any CPU
		{AFE0EFBC-94F9-41DE-97E0-4B274486A01D}.Release|Any CPU.ActiveCfg = Release|Any CPU
		{AFE0EFBC-94F9-41DE-97E0-4B274486A01D}.Release|Any CPU.Build.0 = Release|Any CPU
		{D8A4CBA2-275B-4EAE-93D6-F0F2BD9077F7}.Debug|Any CPU.ActiveCfg = Debug|Any CPU
		{D8A4CBA2-275B-4EAE-93D6-F0F2BD9077F7}.Debug|Any CPU.Build.0 = Debug|Any CPU
		{D8A4CBA2-275B-4EAE-93D6-F0F2BD9077F7}.Release|Any CPU.ActiveCfg = Release|Any CPU
		{D8A4CBA2-275B-4EAE-93D6-F0F2BD9077F7}.Release|Any CPU.Build.0 = Release|Any CPU
		{57D92C94-B3FF-479D-8B95-F047DB9FAEB6}.Debug|Any CPU.ActiveCfg = Debug|Any CPU
		{57D92C94-B3FF-479D-8B95-F047DB9FAEB6}.Debug|Any CPU.Build.0 = Debug|Any CPU
		{57D92C94-B3FF-479D-8B95-F047DB9FAEB6}.Release|Any CPU.ActiveCfg = Release|Any CPU
		{57D92C94-B3FF-479D-8B95-F047DB9FAEB6}.Release|Any CPU.Build.0 = Release|Any CPU
		{2B8ADA54-39BA-4D4D-A953-4A24AF6CDBDD}.Debug|Any CPU.ActiveCfg = Debug|Any CPU
		{2B8ADA54-39BA-4D4D-A953-4A24AF6CDBDD}.Debug|Any CPU.Build.0 = Debug|Any CPU
		{2B8ADA54-39BA-4D4D-A953-4A24AF6CDBDD}.Release|Any CPU.ActiveCfg = Release|Any CPU
		{2B8ADA54-39BA-4D4D-A953-4A24AF6CDBDD}.Release|Any CPU.Build.0 = Release|Any CPU
	EndGlobalSection
EndGlobal
